
Microsoft Visual Studio Solution File, Format Version 12.00
# Visual Studio 15
VisualStudioVersion = 15.0.26730.8
MinimumVisualStudioVersion = 10.0.40219.1
Project("{FAE04EC0-301F-11D3-BF4B-00C04F79EFBC}") = "ReactiveUI.Routing.Core", "src\ReactiveUI.Routing.Core\ReactiveUI.Routing.Core.csproj", "{5D14C32E-C67E-4B77-B01B-F04FD63D2377}"
EndProject
Project("{FAE04EC0-301F-11D3-BF4B-00C04F79EFBC}") = "ReactiveUI.Routing.Core.Tests", "src\ReactiveUI.Routing.Core.Tests\ReactiveUI.Routing.Core.Tests.csproj", "{A331C299-3723-4C2D-913F-4DEBC75AB2EF}"
EndProject
Global
	GlobalSection(SolutionConfigurationPlatforms) = preSolution
		Debug|Any CPU = Debug|Any CPU
		Release|Any CPU = Release|Any CPU
	EndGlobalSection
	GlobalSection(ProjectConfigurationPlatforms) = postSolution
		{5D14C32E-C67E-4B77-B01B-F04FD63D2377}.Debug|Any CPU.ActiveCfg = Debug|Any CPU
		{5D14C32E-C67E-4B77-B01B-F04FD63D2377}.Debug|Any CPU.Build.0 = Debug|Any CPU
		{5D14C32E-C67E-4B77-B01B-F04FD63D2377}.Release|Any CPU.ActiveCfg = Release|Any CPU
		{5D14C32E-C67E-4B77-B01B-F04FD63D2377}.Release|Any CPU.Build.0 = Release|Any CPU
		{A331C299-3723-4C2D-913F-4DEBC75AB2EF}.Debug|Any CPU.ActiveCfg = Debug|Any CPU
		{A331C299-3723-4C2D-913F-4DEBC75AB2EF}.Debug|Any CPU.Build.0 = Debug|Any CPU
		{A331C299-3723-4C2D-913F-4DEBC75AB2EF}.Release|Any CPU.ActiveCfg = Release|Any CPU
		{A331C299-3723-4C2D-913F-4DEBC75AB2EF}.Release|Any CPU.Build.0 = Release|Any CPU
	EndGlobalSection
	GlobalSection(SolutionProperties) = preSolution
		HideSolutionNode = FALSE
	EndGlobalSection
	GlobalSection(ExtensibilityGlobals) = postSolution
		SolutionGuid = {528ECDBA-50EA-4624-AEA4-98063A88FF21}
	EndGlobalSection
EndGlobal
