
Microsoft Visual Studio Solution File, Format Version 12.00
# Visual Studio 14
VisualStudioVersion = 14.0.25420.1
MinimumVisualStudioVersion = 10.0.40219.1
Project("{FAE04EC0-301F-11D3-BF4B-00C04F79EFBC}") = "ReactiveUI.Routing", "src\ReactiveUI.Routing\ReactiveUI.Routing.csproj", "{7CF2AE8E-4920-41C9-B3B2-BE83EC3DAA7F}"
EndProject
Project("{FAE04EC0-301F-11D3-BF4B-00C04F79EFBC}") = "ReactiveUI.Routing.Tests", "test\ReactiveUI.Routing.Tests\ReactiveUI.Routing.Tests.csproj", "{0152817C-764C-4539-84D9-F2051E4A4C3B}"
EndProject
Global
	GlobalSection(SolutionConfigurationPlatforms) = preSolution
		Debug|Any CPU = Debug|Any CPU
		Release|Any CPU = Release|Any CPU
	EndGlobalSection
	GlobalSection(ProjectConfigurationPlatforms) = postSolution
		{7CF2AE8E-4920-41C9-B3B2-BE83EC3DAA7F}.Debug|Any CPU.ActiveCfg = Debug|Any CPU
		{7CF2AE8E-4920-41C9-B3B2-BE83EC3DAA7F}.Debug|Any CPU.Build.0 = Debug|Any CPU
		{7CF2AE8E-4920-41C9-B3B2-BE83EC3DAA7F}.Release|Any CPU.ActiveCfg = Release|Any CPU
		{7CF2AE8E-4920-41C9-B3B2-BE83EC3DAA7F}.Release|Any CPU.Build.0 = Release|Any CPU
		{0152817C-764C-4539-84D9-F2051E4A4C3B}.Debug|Any CPU.ActiveCfg = Debug|Any CPU
		{0152817C-764C-4539-84D9-F2051E4A4C3B}.Debug|Any CPU.Build.0 = Debug|Any CPU
		{0152817C-764C-4539-84D9-F2051E4A4C3B}.Release|Any CPU.ActiveCfg = Release|Any CPU
		{0152817C-764C-4539-84D9-F2051E4A4C3B}.Release|Any CPU.Build.0 = Release|Any CPU
	EndGlobalSection
	GlobalSection(SolutionProperties) = preSolution
		HideSolutionNode = FALSE
	EndGlobalSection
EndGlobal
