
Microsoft Visual Studio Solution File, Format Version 12.00
# Visual Studio 14
VisualStudioVersion = 14.0.25420.1
MinimumVisualStudioVersion = 10.0.40219.1
Project("{FAE04EC0-301F-11D3-BF4B-00C04F79EFBC}") = "ReactiveUI.Routing.Tests", "test\ReactiveUI.Routing.Tests\ReactiveUI.Routing.Tests.csproj", "{0152817C-764C-4539-84D9-F2051E4A4C3B}"
EndProject
Project("{2150E333-8FDC-42A3-9474-1A3956D46DE8}") = "UseCases", "UseCases", "{46291BE6-9F24-41EE-BA1A-63A9350EE906}"
EndProject
Project("{2150E333-8FDC-42A3-9474-1A3956D46DE8}") = "ShareNavigation", "ShareNavigation", "{4F9550C1-6141-4BD1-ACDE-0389487142B8}"
EndProject
Project("{FAE04EC0-301F-11D3-BF4B-00C04F79EFBC}") = "ShareNavigation.Android", "src\UseCases\ShareNavigation\ShareNavigation.Android\ShareNavigation.Android.csproj", "{A12987FB-B625-4502-9D11-89F5A29F7E51}"
EndProject
Project("{FAE04EC0-301F-11D3-BF4B-00C04F79EFBC}") = "ShareNavigation.iOS", "src\UseCases\ShareNavigation\ShareNavigation.iOS\ShareNavigation.iOS.csproj", "{044066A7-4F56-429A-8866-B14CF24E4D41}"
EndProject
Project("{FAE04EC0-301F-11D3-BF4B-00C04F79EFBC}") = "ShareNavigation.Tests", "test\UseCases\ShareNavigation.Tests\ShareNavigation.Tests.csproj", "{CA245050-55D4-4460-9054-E932AB3F158F}"
EndProject
Project("{2150E333-8FDC-42A3-9474-1A3956D46DE8}") = "UselessProjects", "UselessProjects", "{43F15B8B-68F0-47A3-ABFF-EB11DDA5D1E6}"
EndProject
Project("{FAE04EC0-301F-11D3-BF4B-00C04F79EFBC}") = "ReactiveUI.Routing.Tests.AlternateAssembly", "src\UselessProjects\ReactiveUI.Routing.Tests.AlternateAssembly\ReactiveUI.Routing.Tests.AlternateAssembly.csproj", "{87B812A3-14FE-42FB-A904-9D04D3A553E8}"
EndProject
Project("{FAE04EC0-301F-11D3-BF4B-00C04F79EFBC}") = "ReactiveUI.Routing.Android", "src\ReactiveUI.Routing.Android\ReactiveUI.Routing.Android.csproj", "{341C4EFA-E88E-40BA-A39C-0FA7719CDF94}"
EndProject
Project("{FAE04EC0-301F-11D3-BF4B-00C04F79EFBC}") = "ReactiveUI.Routing.iOS", "src\ReactiveUI.Routing.iOS\ReactiveUI.Routing.iOS.csproj", "{674E52FA-1774-444E-90A9-136BFDD4AC67}"
EndProject
Project("{FAE04EC0-301F-11D3-BF4B-00C04F79EFBC}") = "ReactiveUI.Routing", "src\ReactiveUI.Routing\ReactiveUI.Routing.csproj", "{6D16600A-BF4C-4026-9B23-65B14BB64C1D}"
EndProject
Project("{FAE04EC0-301F-11D3-BF4B-00C04F79EFBC}") = "ShareNavigation.Core", "src\UseCases\ShareNavigation\ShareNavigation.Core\ShareNavigation.Core.csproj", "{04A16EDA-DE4F-43FA-B4A2-CC4CEF373536}"
EndProject
Project("{2150E333-8FDC-42A3-9474-1A3956D46DE8}") = "Presenters", "Presenters", "{DC4F922A-D04F-4E4F-90A6-1DEE9E08BD33}"
EndProject
Project("{2150E333-8FDC-42A3-9474-1A3956D46DE8}") = "Notification", "Notification", "{3A595995-CE45-46D4-B246-57424BF16CBD}"
EndProject
Global
	GlobalSection(SolutionConfigurationPlatforms) = preSolution
		Ad-Hoc|Any CPU = Ad-Hoc|Any CPU
		Ad-Hoc|iPhone = Ad-Hoc|iPhone
		Ad-Hoc|iPhoneSimulator = Ad-Hoc|iPhoneSimulator
		AppStore|Any CPU = AppStore|Any CPU
		AppStore|iPhone = AppStore|iPhone
		AppStore|iPhoneSimulator = AppStore|iPhoneSimulator
		Debug|Any CPU = Debug|Any CPU
		Debug|iPhone = Debug|iPhone
		Debug|iPhoneSimulator = Debug|iPhoneSimulator
		Release|Any CPU = Release|Any CPU
		Release|iPhone = Release|iPhone
		Release|iPhoneSimulator = Release|iPhoneSimulator
	EndGlobalSection
	GlobalSection(ProjectConfigurationPlatforms) = postSolution
		{0152817C-764C-4539-84D9-F2051E4A4C3B}.Ad-Hoc|Any CPU.ActiveCfg = Release|Any CPU
		{0152817C-764C-4539-84D9-F2051E4A4C3B}.Ad-Hoc|Any CPU.Build.0 = Release|Any CPU
		{0152817C-764C-4539-84D9-F2051E4A4C3B}.Ad-Hoc|iPhone.ActiveCfg = Release|Any CPU
		{0152817C-764C-4539-84D9-F2051E4A4C3B}.Ad-Hoc|iPhone.Build.0 = Release|Any CPU
		{0152817C-764C-4539-84D9-F2051E4A4C3B}.Ad-Hoc|iPhoneSimulator.ActiveCfg = Release|Any CPU
		{0152817C-764C-4539-84D9-F2051E4A4C3B}.Ad-Hoc|iPhoneSimulator.Build.0 = Release|Any CPU
		{0152817C-764C-4539-84D9-F2051E4A4C3B}.AppStore|Any CPU.ActiveCfg = Release|Any CPU
		{0152817C-764C-4539-84D9-F2051E4A4C3B}.AppStore|Any CPU.Build.0 = Release|Any CPU
		{0152817C-764C-4539-84D9-F2051E4A4C3B}.AppStore|iPhone.ActiveCfg = Release|Any CPU
		{0152817C-764C-4539-84D9-F2051E4A4C3B}.AppStore|iPhone.Build.0 = Release|Any CPU
		{0152817C-764C-4539-84D9-F2051E4A4C3B}.AppStore|iPhoneSimulator.ActiveCfg = Release|Any CPU
		{0152817C-764C-4539-84D9-F2051E4A4C3B}.AppStore|iPhoneSimulator.Build.0 = Release|Any CPU
		{0152817C-764C-4539-84D9-F2051E4A4C3B}.Debug|Any CPU.ActiveCfg = Debug|Any CPU
		{0152817C-764C-4539-84D9-F2051E4A4C3B}.Debug|Any CPU.Build.0 = Debug|Any CPU
		{0152817C-764C-4539-84D9-F2051E4A4C3B}.Debug|iPhone.ActiveCfg = Debug|Any CPU
		{0152817C-764C-4539-84D9-F2051E4A4C3B}.Debug|iPhone.Build.0 = Debug|Any CPU
		{0152817C-764C-4539-84D9-F2051E4A4C3B}.Debug|iPhoneSimulator.ActiveCfg = Debug|Any CPU
		{0152817C-764C-4539-84D9-F2051E4A4C3B}.Debug|iPhoneSimulator.Build.0 = Debug|Any CPU
		{0152817C-764C-4539-84D9-F2051E4A4C3B}.Release|Any CPU.ActiveCfg = Release|Any CPU
		{0152817C-764C-4539-84D9-F2051E4A4C3B}.Release|Any CPU.Build.0 = Release|Any CPU
		{0152817C-764C-4539-84D9-F2051E4A4C3B}.Release|iPhone.ActiveCfg = Release|Any CPU
		{0152817C-764C-4539-84D9-F2051E4A4C3B}.Release|iPhone.Build.0 = Release|Any CPU
		{0152817C-764C-4539-84D9-F2051E4A4C3B}.Release|iPhoneSimulator.ActiveCfg = Release|Any CPU
		{0152817C-764C-4539-84D9-F2051E4A4C3B}.Release|iPhoneSimulator.Build.0 = Release|Any CPU
		{A12987FB-B625-4502-9D11-89F5A29F7E51}.Ad-Hoc|Any CPU.ActiveCfg = Release|Any CPU
		{A12987FB-B625-4502-9D11-89F5A29F7E51}.Ad-Hoc|Any CPU.Build.0 = Release|Any CPU
		{A12987FB-B625-4502-9D11-89F5A29F7E51}.Ad-Hoc|Any CPU.Deploy.0 = Release|Any CPU
		{A12987FB-B625-4502-9D11-89F5A29F7E51}.Ad-Hoc|iPhone.ActiveCfg = Release|Any CPU
		{A12987FB-B625-4502-9D11-89F5A29F7E51}.Ad-Hoc|iPhone.Build.0 = Release|Any CPU
		{A12987FB-B625-4502-9D11-89F5A29F7E51}.Ad-Hoc|iPhone.Deploy.0 = Release|Any CPU
		{A12987FB-B625-4502-9D11-89F5A29F7E51}.Ad-Hoc|iPhoneSimulator.ActiveCfg = Release|Any CPU
		{A12987FB-B625-4502-9D11-89F5A29F7E51}.Ad-Hoc|iPhoneSimulator.Build.0 = Release|Any CPU
		{A12987FB-B625-4502-9D11-89F5A29F7E51}.Ad-Hoc|iPhoneSimulator.Deploy.0 = Release|Any CPU
		{A12987FB-B625-4502-9D11-89F5A29F7E51}.AppStore|Any CPU.ActiveCfg = Release|Any CPU
		{A12987FB-B625-4502-9D11-89F5A29F7E51}.AppStore|Any CPU.Build.0 = Release|Any CPU
		{A12987FB-B625-4502-9D11-89F5A29F7E51}.AppStore|Any CPU.Deploy.0 = Release|Any CPU
		{A12987FB-B625-4502-9D11-89F5A29F7E51}.AppStore|iPhone.ActiveCfg = Release|Any CPU
		{A12987FB-B625-4502-9D11-89F5A29F7E51}.AppStore|iPhone.Build.0 = Release|Any CPU
		{A12987FB-B625-4502-9D11-89F5A29F7E51}.AppStore|iPhone.Deploy.0 = Release|Any CPU
		{A12987FB-B625-4502-9D11-89F5A29F7E51}.AppStore|iPhoneSimulator.ActiveCfg = Release|Any CPU
		{A12987FB-B625-4502-9D11-89F5A29F7E51}.AppStore|iPhoneSimulator.Build.0 = Release|Any CPU
		{A12987FB-B625-4502-9D11-89F5A29F7E51}.AppStore|iPhoneSimulator.Deploy.0 = Release|Any CPU
		{A12987FB-B625-4502-9D11-89F5A29F7E51}.Debug|Any CPU.ActiveCfg = Debug|Any CPU
		{A12987FB-B625-4502-9D11-89F5A29F7E51}.Debug|Any CPU.Build.0 = Debug|Any CPU
		{A12987FB-B625-4502-9D11-89F5A29F7E51}.Debug|Any CPU.Deploy.0 = Debug|Any CPU
		{A12987FB-B625-4502-9D11-89F5A29F7E51}.Debug|iPhone.ActiveCfg = Debug|Any CPU
		{A12987FB-B625-4502-9D11-89F5A29F7E51}.Debug|iPhone.Build.0 = Debug|Any CPU
		{A12987FB-B625-4502-9D11-89F5A29F7E51}.Debug|iPhone.Deploy.0 = Debug|Any CPU
		{A12987FB-B625-4502-9D11-89F5A29F7E51}.Debug|iPhoneSimulator.ActiveCfg = Debug|Any CPU
		{A12987FB-B625-4502-9D11-89F5A29F7E51}.Debug|iPhoneSimulator.Build.0 = Debug|Any CPU
		{A12987FB-B625-4502-9D11-89F5A29F7E51}.Debug|iPhoneSimulator.Deploy.0 = Debug|Any CPU
		{A12987FB-B625-4502-9D11-89F5A29F7E51}.Release|Any CPU.ActiveCfg = Release|Any CPU
		{A12987FB-B625-4502-9D11-89F5A29F7E51}.Release|Any CPU.Build.0 = Release|Any CPU
		{A12987FB-B625-4502-9D11-89F5A29F7E51}.Release|Any CPU.Deploy.0 = Release|Any CPU
		{A12987FB-B625-4502-9D11-89F5A29F7E51}.Release|iPhone.ActiveCfg = Release|Any CPU
		{A12987FB-B625-4502-9D11-89F5A29F7E51}.Release|iPhone.Build.0 = Release|Any CPU
		{A12987FB-B625-4502-9D11-89F5A29F7E51}.Release|iPhone.Deploy.0 = Release|Any CPU
		{A12987FB-B625-4502-9D11-89F5A29F7E51}.Release|iPhoneSimulator.ActiveCfg = Release|Any CPU
		{A12987FB-B625-4502-9D11-89F5A29F7E51}.Release|iPhoneSimulator.Build.0 = Release|Any CPU
		{A12987FB-B625-4502-9D11-89F5A29F7E51}.Release|iPhoneSimulator.Deploy.0 = Release|Any CPU
		{044066A7-4F56-429A-8866-B14CF24E4D41}.Ad-Hoc|Any CPU.ActiveCfg = Ad-Hoc|iPhone
		{044066A7-4F56-429A-8866-B14CF24E4D41}.Ad-Hoc|iPhone.ActiveCfg = Ad-Hoc|iPhone
		{044066A7-4F56-429A-8866-B14CF24E4D41}.Ad-Hoc|iPhone.Build.0 = Ad-Hoc|iPhone
		{044066A7-4F56-429A-8866-B14CF24E4D41}.Ad-Hoc|iPhoneSimulator.ActiveCfg = Ad-Hoc|iPhoneSimulator
		{044066A7-4F56-429A-8866-B14CF24E4D41}.Ad-Hoc|iPhoneSimulator.Build.0 = Ad-Hoc|iPhoneSimulator
		{044066A7-4F56-429A-8866-B14CF24E4D41}.AppStore|Any CPU.ActiveCfg = AppStore|iPhone
		{044066A7-4F56-429A-8866-B14CF24E4D41}.AppStore|iPhone.ActiveCfg = AppStore|iPhone
		{044066A7-4F56-429A-8866-B14CF24E4D41}.AppStore|iPhone.Build.0 = AppStore|iPhone
		{044066A7-4F56-429A-8866-B14CF24E4D41}.AppStore|iPhoneSimulator.ActiveCfg = AppStore|iPhoneSimulator
		{044066A7-4F56-429A-8866-B14CF24E4D41}.AppStore|iPhoneSimulator.Build.0 = AppStore|iPhoneSimulator
		{044066A7-4F56-429A-8866-B14CF24E4D41}.Debug|Any CPU.ActiveCfg = Debug|iPhone
		{044066A7-4F56-429A-8866-B14CF24E4D41}.Debug|iPhone.ActiveCfg = Debug|iPhone
		{044066A7-4F56-429A-8866-B14CF24E4D41}.Debug|iPhone.Build.0 = Debug|iPhone
		{044066A7-4F56-429A-8866-B14CF24E4D41}.Debug|iPhoneSimulator.ActiveCfg = Debug|iPhoneSimulator
		{044066A7-4F56-429A-8866-B14CF24E4D41}.Debug|iPhoneSimulator.Build.0 = Debug|iPhoneSimulator
		{044066A7-4F56-429A-8866-B14CF24E4D41}.Release|Any CPU.ActiveCfg = Release|iPhone
		{044066A7-4F56-429A-8866-B14CF24E4D41}.Release|iPhone.ActiveCfg = Release|iPhone
		{044066A7-4F56-429A-8866-B14CF24E4D41}.Release|iPhone.Build.0 = Release|iPhone
		{044066A7-4F56-429A-8866-B14CF24E4D41}.Release|iPhoneSimulator.ActiveCfg = Release|iPhoneSimulator
		{044066A7-4F56-429A-8866-B14CF24E4D41}.Release|iPhoneSimulator.Build.0 = Release|iPhoneSimulator
		{CA245050-55D4-4460-9054-E932AB3F158F}.Ad-Hoc|Any CPU.ActiveCfg = Release|Any CPU
		{CA245050-55D4-4460-9054-E932AB3F158F}.Ad-Hoc|Any CPU.Build.0 = Release|Any CPU
		{CA245050-55D4-4460-9054-E932AB3F158F}.Ad-Hoc|iPhone.ActiveCfg = Release|Any CPU
		{CA245050-55D4-4460-9054-E932AB3F158F}.Ad-Hoc|iPhone.Build.0 = Release|Any CPU
		{CA245050-55D4-4460-9054-E932AB3F158F}.Ad-Hoc|iPhoneSimulator.ActiveCfg = Release|Any CPU
		{CA245050-55D4-4460-9054-E932AB3F158F}.Ad-Hoc|iPhoneSimulator.Build.0 = Release|Any CPU
		{CA245050-55D4-4460-9054-E932AB3F158F}.AppStore|Any CPU.ActiveCfg = Release|Any CPU
		{CA245050-55D4-4460-9054-E932AB3F158F}.AppStore|Any CPU.Build.0 = Release|Any CPU
		{CA245050-55D4-4460-9054-E932AB3F158F}.AppStore|iPhone.ActiveCfg = Release|Any CPU
		{CA245050-55D4-4460-9054-E932AB3F158F}.AppStore|iPhone.Build.0 = Release|Any CPU
		{CA245050-55D4-4460-9054-E932AB3F158F}.AppStore|iPhoneSimulator.ActiveCfg = Release|Any CPU
		{CA245050-55D4-4460-9054-E932AB3F158F}.AppStore|iPhoneSimulator.Build.0 = Release|Any CPU
		{CA245050-55D4-4460-9054-E932AB3F158F}.Debug|Any CPU.ActiveCfg = Debug|Any CPU
		{CA245050-55D4-4460-9054-E932AB3F158F}.Debug|Any CPU.Build.0 = Debug|Any CPU
		{CA245050-55D4-4460-9054-E932AB3F158F}.Debug|iPhone.ActiveCfg = Debug|Any CPU
		{CA245050-55D4-4460-9054-E932AB3F158F}.Debug|iPhone.Build.0 = Debug|Any CPU
		{CA245050-55D4-4460-9054-E932AB3F158F}.Debug|iPhoneSimulator.ActiveCfg = Debug|Any CPU
		{CA245050-55D4-4460-9054-E932AB3F158F}.Debug|iPhoneSimulator.Build.0 = Debug|Any CPU
		{CA245050-55D4-4460-9054-E932AB3F158F}.Release|Any CPU.ActiveCfg = Release|Any CPU
		{CA245050-55D4-4460-9054-E932AB3F158F}.Release|Any CPU.Build.0 = Release|Any CPU
		{CA245050-55D4-4460-9054-E932AB3F158F}.Release|iPhone.ActiveCfg = Release|Any CPU
		{CA245050-55D4-4460-9054-E932AB3F158F}.Release|iPhone.Build.0 = Release|Any CPU
		{CA245050-55D4-4460-9054-E932AB3F158F}.Release|iPhoneSimulator.ActiveCfg = Release|Any CPU
		{CA245050-55D4-4460-9054-E932AB3F158F}.Release|iPhoneSimulator.Build.0 = Release|Any CPU
		{87B812A3-14FE-42FB-A904-9D04D3A553E8}.Ad-Hoc|Any CPU.ActiveCfg = Release|Any CPU
		{87B812A3-14FE-42FB-A904-9D04D3A553E8}.Ad-Hoc|Any CPU.Build.0 = Release|Any CPU
		{87B812A3-14FE-42FB-A904-9D04D3A553E8}.Ad-Hoc|iPhone.ActiveCfg = Release|Any CPU
		{87B812A3-14FE-42FB-A904-9D04D3A553E8}.Ad-Hoc|iPhone.Build.0 = Release|Any CPU
		{87B812A3-14FE-42FB-A904-9D04D3A553E8}.Ad-Hoc|iPhoneSimulator.ActiveCfg = Release|Any CPU
		{87B812A3-14FE-42FB-A904-9D04D3A553E8}.Ad-Hoc|iPhoneSimulator.Build.0 = Release|Any CPU
		{87B812A3-14FE-42FB-A904-9D04D3A553E8}.AppStore|Any CPU.ActiveCfg = Release|Any CPU
		{87B812A3-14FE-42FB-A904-9D04D3A553E8}.AppStore|Any CPU.Build.0 = Release|Any CPU
		{87B812A3-14FE-42FB-A904-9D04D3A553E8}.AppStore|iPhone.ActiveCfg = Release|Any CPU
		{87B812A3-14FE-42FB-A904-9D04D3A553E8}.AppStore|iPhone.Build.0 = Release|Any CPU
		{87B812A3-14FE-42FB-A904-9D04D3A553E8}.AppStore|iPhoneSimulator.ActiveCfg = Release|Any CPU
		{87B812A3-14FE-42FB-A904-9D04D3A553E8}.AppStore|iPhoneSimulator.Build.0 = Release|Any CPU
		{87B812A3-14FE-42FB-A904-9D04D3A553E8}.Debug|Any CPU.ActiveCfg = Debug|Any CPU
		{87B812A3-14FE-42FB-A904-9D04D3A553E8}.Debug|Any CPU.Build.0 = Debug|Any CPU
		{87B812A3-14FE-42FB-A904-9D04D3A553E8}.Debug|iPhone.ActiveCfg = Debug|Any CPU
		{87B812A3-14FE-42FB-A904-9D04D3A553E8}.Debug|iPhone.Build.0 = Debug|Any CPU
		{87B812A3-14FE-42FB-A904-9D04D3A553E8}.Debug|iPhoneSimulator.ActiveCfg = Debug|Any CPU
		{87B812A3-14FE-42FB-A904-9D04D3A553E8}.Debug|iPhoneSimulator.Build.0 = Debug|Any CPU
		{87B812A3-14FE-42FB-A904-9D04D3A553E8}.Release|Any CPU.ActiveCfg = Release|Any CPU
		{87B812A3-14FE-42FB-A904-9D04D3A553E8}.Release|Any CPU.Build.0 = Release|Any CPU
		{87B812A3-14FE-42FB-A904-9D04D3A553E8}.Release|iPhone.ActiveCfg = Release|Any CPU
		{87B812A3-14FE-42FB-A904-9D04D3A553E8}.Release|iPhone.Build.0 = Release|Any CPU
		{87B812A3-14FE-42FB-A904-9D04D3A553E8}.Release|iPhoneSimulator.ActiveCfg = Release|Any CPU
		{87B812A3-14FE-42FB-A904-9D04D3A553E8}.Release|iPhoneSimulator.Build.0 = Release|Any CPU
		{341C4EFA-E88E-40BA-A39C-0FA7719CDF94}.Ad-Hoc|Any CPU.ActiveCfg = Release|Any CPU
		{341C4EFA-E88E-40BA-A39C-0FA7719CDF94}.Ad-Hoc|Any CPU.Build.0 = Release|Any CPU
		{341C4EFA-E88E-40BA-A39C-0FA7719CDF94}.Ad-Hoc|iPhone.ActiveCfg = Release|Any CPU
		{341C4EFA-E88E-40BA-A39C-0FA7719CDF94}.Ad-Hoc|iPhone.Build.0 = Release|Any CPU
		{341C4EFA-E88E-40BA-A39C-0FA7719CDF94}.Ad-Hoc|iPhoneSimulator.ActiveCfg = Release|Any CPU
		{341C4EFA-E88E-40BA-A39C-0FA7719CDF94}.Ad-Hoc|iPhoneSimulator.Build.0 = Release|Any CPU
		{341C4EFA-E88E-40BA-A39C-0FA7719CDF94}.AppStore|Any CPU.ActiveCfg = Release|Any CPU
		{341C4EFA-E88E-40BA-A39C-0FA7719CDF94}.AppStore|Any CPU.Build.0 = Release|Any CPU
		{341C4EFA-E88E-40BA-A39C-0FA7719CDF94}.AppStore|iPhone.ActiveCfg = Release|Any CPU
		{341C4EFA-E88E-40BA-A39C-0FA7719CDF94}.AppStore|iPhone.Build.0 = Release|Any CPU
		{341C4EFA-E88E-40BA-A39C-0FA7719CDF94}.AppStore|iPhoneSimulator.ActiveCfg = Release|Any CPU
		{341C4EFA-E88E-40BA-A39C-0FA7719CDF94}.AppStore|iPhoneSimulator.Build.0 = Release|Any CPU
		{341C4EFA-E88E-40BA-A39C-0FA7719CDF94}.Debug|Any CPU.ActiveCfg = Debug|Any CPU
		{341C4EFA-E88E-40BA-A39C-0FA7719CDF94}.Debug|Any CPU.Build.0 = Debug|Any CPU
		{341C4EFA-E88E-40BA-A39C-0FA7719CDF94}.Debug|iPhone.ActiveCfg = Debug|Any CPU
		{341C4EFA-E88E-40BA-A39C-0FA7719CDF94}.Debug|iPhone.Build.0 = Debug|Any CPU
		{341C4EFA-E88E-40BA-A39C-0FA7719CDF94}.Debug|iPhoneSimulator.ActiveCfg = Debug|Any CPU
		{341C4EFA-E88E-40BA-A39C-0FA7719CDF94}.Debug|iPhoneSimulator.Build.0 = Debug|Any CPU
		{341C4EFA-E88E-40BA-A39C-0FA7719CDF94}.Release|Any CPU.ActiveCfg = Release|Any CPU
		{341C4EFA-E88E-40BA-A39C-0FA7719CDF94}.Release|Any CPU.Build.0 = Release|Any CPU
		{341C4EFA-E88E-40BA-A39C-0FA7719CDF94}.Release|iPhone.ActiveCfg = Release|Any CPU
		{341C4EFA-E88E-40BA-A39C-0FA7719CDF94}.Release|iPhone.Build.0 = Release|Any CPU
		{341C4EFA-E88E-40BA-A39C-0FA7719CDF94}.Release|iPhoneSimulator.ActiveCfg = Release|Any CPU
		{341C4EFA-E88E-40BA-A39C-0FA7719CDF94}.Release|iPhoneSimulator.Build.0 = Release|Any CPU
		{674E52FA-1774-444E-90A9-136BFDD4AC67}.Ad-Hoc|Any CPU.ActiveCfg = Release|Any CPU
		{674E52FA-1774-444E-90A9-136BFDD4AC67}.Ad-Hoc|Any CPU.Build.0 = Release|Any CPU
		{674E52FA-1774-444E-90A9-136BFDD4AC67}.Ad-Hoc|iPhone.ActiveCfg = Release|Any CPU
		{674E52FA-1774-444E-90A9-136BFDD4AC67}.Ad-Hoc|iPhone.Build.0 = Release|Any CPU
		{674E52FA-1774-444E-90A9-136BFDD4AC67}.Ad-Hoc|iPhoneSimulator.ActiveCfg = Release|Any CPU
		{674E52FA-1774-444E-90A9-136BFDD4AC67}.Ad-Hoc|iPhoneSimulator.Build.0 = Release|Any CPU
		{674E52FA-1774-444E-90A9-136BFDD4AC67}.AppStore|Any CPU.ActiveCfg = Release|Any CPU
		{674E52FA-1774-444E-90A9-136BFDD4AC67}.AppStore|Any CPU.Build.0 = Release|Any CPU
		{674E52FA-1774-444E-90A9-136BFDD4AC67}.AppStore|iPhone.ActiveCfg = Release|Any CPU
		{674E52FA-1774-444E-90A9-136BFDD4AC67}.AppStore|iPhone.Build.0 = Release|Any CPU
		{674E52FA-1774-444E-90A9-136BFDD4AC67}.AppStore|iPhoneSimulator.ActiveCfg = Release|Any CPU
		{674E52FA-1774-444E-90A9-136BFDD4AC67}.AppStore|iPhoneSimulator.Build.0 = Release|Any CPU
		{674E52FA-1774-444E-90A9-136BFDD4AC67}.Debug|Any CPU.ActiveCfg = Debug|Any CPU
		{674E52FA-1774-444E-90A9-136BFDD4AC67}.Debug|Any CPU.Build.0 = Debug|Any CPU
		{674E52FA-1774-444E-90A9-136BFDD4AC67}.Debug|iPhone.ActiveCfg = Debug|Any CPU
		{674E52FA-1774-444E-90A9-136BFDD4AC67}.Debug|iPhone.Build.0 = Debug|Any CPU
		{674E52FA-1774-444E-90A9-136BFDD4AC67}.Debug|iPhoneSimulator.ActiveCfg = Debug|Any CPU
		{674E52FA-1774-444E-90A9-136BFDD4AC67}.Debug|iPhoneSimulator.Build.0 = Debug|Any CPU
		{674E52FA-1774-444E-90A9-136BFDD4AC67}.Release|Any CPU.ActiveCfg = Release|Any CPU
		{674E52FA-1774-444E-90A9-136BFDD4AC67}.Release|Any CPU.Build.0 = Release|Any CPU
		{674E52FA-1774-444E-90A9-136BFDD4AC67}.Release|iPhone.ActiveCfg = Release|Any CPU
		{674E52FA-1774-444E-90A9-136BFDD4AC67}.Release|iPhone.Build.0 = Release|Any CPU
		{674E52FA-1774-444E-90A9-136BFDD4AC67}.Release|iPhoneSimulator.ActiveCfg = Release|Any CPU
		{674E52FA-1774-444E-90A9-136BFDD4AC67}.Release|iPhoneSimulator.Build.0 = Release|Any CPU
		{6D16600A-BF4C-4026-9B23-65B14BB64C1D}.Ad-Hoc|Any CPU.ActiveCfg = Release|Any CPU
		{6D16600A-BF4C-4026-9B23-65B14BB64C1D}.Ad-Hoc|Any CPU.Build.0 = Release|Any CPU
		{6D16600A-BF4C-4026-9B23-65B14BB64C1D}.Ad-Hoc|iPhone.ActiveCfg = Release|Any CPU
		{6D16600A-BF4C-4026-9B23-65B14BB64C1D}.Ad-Hoc|iPhone.Build.0 = Release|Any CPU
		{6D16600A-BF4C-4026-9B23-65B14BB64C1D}.Ad-Hoc|iPhoneSimulator.ActiveCfg = Release|Any CPU
		{6D16600A-BF4C-4026-9B23-65B14BB64C1D}.Ad-Hoc|iPhoneSimulator.Build.0 = Release|Any CPU
		{6D16600A-BF4C-4026-9B23-65B14BB64C1D}.AppStore|Any CPU.ActiveCfg = Release|Any CPU
		{6D16600A-BF4C-4026-9B23-65B14BB64C1D}.AppStore|Any CPU.Build.0 = Release|Any CPU
		{6D16600A-BF4C-4026-9B23-65B14BB64C1D}.AppStore|iPhone.ActiveCfg = Release|Any CPU
		{6D16600A-BF4C-4026-9B23-65B14BB64C1D}.AppStore|iPhone.Build.0 = Release|Any CPU
		{6D16600A-BF4C-4026-9B23-65B14BB64C1D}.AppStore|iPhoneSimulator.ActiveCfg = Release|Any CPU
		{6D16600A-BF4C-4026-9B23-65B14BB64C1D}.AppStore|iPhoneSimulator.Build.0 = Release|Any CPU
		{6D16600A-BF4C-4026-9B23-65B14BB64C1D}.Debug|Any CPU.ActiveCfg = Debug|Any CPU
		{6D16600A-BF4C-4026-9B23-65B14BB64C1D}.Debug|Any CPU.Build.0 = Debug|Any CPU
		{6D16600A-BF4C-4026-9B23-65B14BB64C1D}.Debug|iPhone.ActiveCfg = Debug|Any CPU
		{6D16600A-BF4C-4026-9B23-65B14BB64C1D}.Debug|iPhone.Build.0 = Debug|Any CPU
		{6D16600A-BF4C-4026-9B23-65B14BB64C1D}.Debug|iPhoneSimulator.ActiveCfg = Debug|Any CPU
		{6D16600A-BF4C-4026-9B23-65B14BB64C1D}.Debug|iPhoneSimulator.Build.0 = Debug|Any CPU
		{6D16600A-BF4C-4026-9B23-65B14BB64C1D}.Release|Any CPU.ActiveCfg = Release|Any CPU
		{6D16600A-BF4C-4026-9B23-65B14BB64C1D}.Release|Any CPU.Build.0 = Release|Any CPU
		{6D16600A-BF4C-4026-9B23-65B14BB64C1D}.Release|iPhone.ActiveCfg = Release|Any CPU
		{6D16600A-BF4C-4026-9B23-65B14BB64C1D}.Release|iPhone.Build.0 = Release|Any CPU
		{6D16600A-BF4C-4026-9B23-65B14BB64C1D}.Release|iPhoneSimulator.ActiveCfg = Release|Any CPU
		{6D16600A-BF4C-4026-9B23-65B14BB64C1D}.Release|iPhoneSimulator.Build.0 = Release|Any CPU
		{04A16EDA-DE4F-43FA-B4A2-CC4CEF373536}.Ad-Hoc|Any CPU.ActiveCfg = Release|Any CPU
		{04A16EDA-DE4F-43FA-B4A2-CC4CEF373536}.Ad-Hoc|Any CPU.Build.0 = Release|Any CPU
		{04A16EDA-DE4F-43FA-B4A2-CC4CEF373536}.Ad-Hoc|iPhone.ActiveCfg = Release|Any CPU
		{04A16EDA-DE4F-43FA-B4A2-CC4CEF373536}.Ad-Hoc|iPhone.Build.0 = Release|Any CPU
		{04A16EDA-DE4F-43FA-B4A2-CC4CEF373536}.Ad-Hoc|iPhoneSimulator.ActiveCfg = Release|Any CPU
		{04A16EDA-DE4F-43FA-B4A2-CC4CEF373536}.Ad-Hoc|iPhoneSimulator.Build.0 = Release|Any CPU
		{04A16EDA-DE4F-43FA-B4A2-CC4CEF373536}.AppStore|Any CPU.ActiveCfg = Release|Any CPU
		{04A16EDA-DE4F-43FA-B4A2-CC4CEF373536}.AppStore|Any CPU.Build.0 = Release|Any CPU
		{04A16EDA-DE4F-43FA-B4A2-CC4CEF373536}.AppStore|iPhone.ActiveCfg = Release|Any CPU
		{04A16EDA-DE4F-43FA-B4A2-CC4CEF373536}.AppStore|iPhone.Build.0 = Release|Any CPU
		{04A16EDA-DE4F-43FA-B4A2-CC4CEF373536}.AppStore|iPhoneSimulator.ActiveCfg = Release|Any CPU
		{04A16EDA-DE4F-43FA-B4A2-CC4CEF373536}.AppStore|iPhoneSimulator.Build.0 = Release|Any CPU
		{04A16EDA-DE4F-43FA-B4A2-CC4CEF373536}.Debug|Any CPU.ActiveCfg = Debug|Any CPU
		{04A16EDA-DE4F-43FA-B4A2-CC4CEF373536}.Debug|Any CPU.Build.0 = Debug|Any CPU
		{04A16EDA-DE4F-43FA-B4A2-CC4CEF373536}.Debug|iPhone.ActiveCfg = Debug|Any CPU
		{04A16EDA-DE4F-43FA-B4A2-CC4CEF373536}.Debug|iPhone.Build.0 = Debug|Any CPU
		{04A16EDA-DE4F-43FA-B4A2-CC4CEF373536}.Debug|iPhoneSimulator.ActiveCfg = Debug|Any CPU
		{04A16EDA-DE4F-43FA-B4A2-CC4CEF373536}.Debug|iPhoneSimulator.Build.0 = Debug|Any CPU
		{04A16EDA-DE4F-43FA-B4A2-CC4CEF373536}.Release|Any CPU.ActiveCfg = Release|Any CPU
		{04A16EDA-DE4F-43FA-B4A2-CC4CEF373536}.Release|Any CPU.Build.0 = Release|Any CPU
		{04A16EDA-DE4F-43FA-B4A2-CC4CEF373536}.Release|iPhone.ActiveCfg = Release|Any CPU
		{04A16EDA-DE4F-43FA-B4A2-CC4CEF373536}.Release|iPhone.Build.0 = Release|Any CPU
		{04A16EDA-DE4F-43FA-B4A2-CC4CEF373536}.Release|iPhoneSimulator.ActiveCfg = Release|Any CPU
		{04A16EDA-DE4F-43FA-B4A2-CC4CEF373536}.Release|iPhoneSimulator.Build.0 = Release|Any CPU
	EndGlobalSection
	GlobalSection(SolutionProperties) = preSolution
		HideSolutionNode = FALSE
	EndGlobalSection
	GlobalSection(NestedProjects) = preSolution
		{4F9550C1-6141-4BD1-ACDE-0389487142B8} = {46291BE6-9F24-41EE-BA1A-63A9350EE906}
		{A12987FB-B625-4502-9D11-89F5A29F7E51} = {4F9550C1-6141-4BD1-ACDE-0389487142B8}
		{044066A7-4F56-429A-8866-B14CF24E4D41} = {4F9550C1-6141-4BD1-ACDE-0389487142B8}
		{CA245050-55D4-4460-9054-E932AB3F158F} = {4F9550C1-6141-4BD1-ACDE-0389487142B8}
		{87B812A3-14FE-42FB-A904-9D04D3A553E8} = {43F15B8B-68F0-47A3-ABFF-EB11DDA5D1E6}
		{04A16EDA-DE4F-43FA-B4A2-CC4CEF373536} = {4F9550C1-6141-4BD1-ACDE-0389487142B8}
		{3A595995-CE45-46D4-B246-57424BF16CBD} = {DC4F922A-D04F-4E4F-90A6-1DEE9E08BD33}
	EndGlobalSection
EndGlobal
