
Microsoft Visual Studio Solution File, Format Version 12.00
# Visual Studio 14
VisualStudioVersion = 14.0.25420.1
MinimumVisualStudioVersion = 10.0.40219.1
Project("{FAE04EC0-301F-11D3-BF4B-00C04F79EFBC}") = "ShareNavigation.Core", "ShareNavigation.Core\ShareNavigation.Core.csproj", "{B5EB1AF2-8FC7-4338-B652-323CB083B09F}"
EndProject
Project("{FAE04EC0-301F-11D3-BF4B-00C04F79EFBC}") = "ShareNavigation.Android", "ShareNavigation.Android\ShareNavigation.Android.csproj", "{A12987FB-B625-4502-9D11-89F5A29F7E51}"
EndProject
Project("{FAE04EC0-301F-11D3-BF4B-00C04F79EFBC}") = "ShareNavigation.iOS", "ShareNavigation.iOS\ShareNavigation.iOS.csproj", "{044066A7-4F56-429A-8866-B14CF24E4D41}"
EndProject
Global
	GlobalSection(SolutionConfigurationPlatforms) = preSolution
		Ad-Hoc|Any CPU = Ad-Hoc|Any CPU
		Ad-Hoc|iPhone = Ad-Hoc|iPhone
		Ad-Hoc|iPhoneSimulator = Ad-Hoc|iPhoneSimulator
		AppStore|Any CPU = AppStore|Any CPU
		AppStore|iPhone = AppStore|iPhone
		AppStore|iPhoneSimulator = AppStore|iPhoneSimulator
		Debug|Any CPU = Debug|Any CPU
		Debug|iPhone = Debug|iPhone
		Debug|iPhoneSimulator = Debug|iPhoneSimulator
		Release|Any CPU = Release|Any CPU
		Release|iPhone = Release|iPhone
		Release|iPhoneSimulator = Release|iPhoneSimulator
	EndGlobalSection
	GlobalSection(ProjectConfigurationPlatforms) = postSolution
		{B5EB1AF2-8FC7-4338-B652-323CB083B09F}.Ad-Hoc|Any CPU.ActiveCfg = Release|Any CPU
		{B5EB1AF2-8FC7-4338-B652-323CB083B09F}.Ad-Hoc|Any CPU.Build.0 = Release|Any CPU
		{B5EB1AF2-8FC7-4338-B652-323CB083B09F}.Ad-Hoc|iPhone.ActiveCfg = Release|Any CPU
		{B5EB1AF2-8FC7-4338-B652-323CB083B09F}.Ad-Hoc|iPhone.Build.0 = Release|Any CPU
		{B5EB1AF2-8FC7-4338-B652-323CB083B09F}.Ad-Hoc|iPhoneSimulator.ActiveCfg = Release|Any CPU
		{B5EB1AF2-8FC7-4338-B652-323CB083B09F}.Ad-Hoc|iPhoneSimulator.Build.0 = Release|Any CPU
		{B5EB1AF2-8FC7-4338-B652-323CB083B09F}.AppStore|Any CPU.ActiveCfg = Release|Any CPU
		{B5EB1AF2-8FC7-4338-B652-323CB083B09F}.AppStore|Any CPU.Build.0 = Release|Any CPU
		{B5EB1AF2-8FC7-4338-B652-323CB083B09F}.AppStore|iPhone.ActiveCfg = Release|Any CPU
		{B5EB1AF2-8FC7-4338-B652-323CB083B09F}.AppStore|iPhone.Build.0 = Release|Any CPU
		{B5EB1AF2-8FC7-4338-B652-323CB083B09F}.AppStore|iPhoneSimulator.ActiveCfg = Release|Any CPU
		{B5EB1AF2-8FC7-4338-B652-323CB083B09F}.AppStore|iPhoneSimulator.Build.0 = Release|Any CPU
		{B5EB1AF2-8FC7-4338-B652-323CB083B09F}.Debug|Any CPU.ActiveCfg = Debug|Any CPU
		{B5EB1AF2-8FC7-4338-B652-323CB083B09F}.Debug|Any CPU.Build.0 = Debug|Any CPU
		{B5EB1AF2-8FC7-4338-B652-323CB083B09F}.Debug|iPhone.ActiveCfg = Debug|Any CPU
		{B5EB1AF2-8FC7-4338-B652-323CB083B09F}.Debug|iPhone.Build.0 = Debug|Any CPU
		{B5EB1AF2-8FC7-4338-B652-323CB083B09F}.Debug|iPhoneSimulator.ActiveCfg = Debug|Any CPU
		{B5EB1AF2-8FC7-4338-B652-323CB083B09F}.Debug|iPhoneSimulator.Build.0 = Debug|Any CPU
		{B5EB1AF2-8FC7-4338-B652-323CB083B09F}.Release|Any CPU.ActiveCfg = Release|Any CPU
		{B5EB1AF2-8FC7-4338-B652-323CB083B09F}.Release|Any CPU.Build.0 = Release|Any CPU
		{B5EB1AF2-8FC7-4338-B652-323CB083B09F}.Release|iPhone.ActiveCfg = Release|Any CPU
		{B5EB1AF2-8FC7-4338-B652-323CB083B09F}.Release|iPhone.Build.0 = Release|Any CPU
		{B5EB1AF2-8FC7-4338-B652-323CB083B09F}.Release|iPhoneSimulator.ActiveCfg = Release|Any CPU
		{B5EB1AF2-8FC7-4338-B652-323CB083B09F}.Release|iPhoneSimulator.Build.0 = Release|Any CPU
		{A12987FB-B625-4502-9D11-89F5A29F7E51}.Ad-Hoc|Any CPU.ActiveCfg = Release|Any CPU
		{A12987FB-B625-4502-9D11-89F5A29F7E51}.Ad-Hoc|Any CPU.Build.0 = Release|Any CPU
		{A12987FB-B625-4502-9D11-89F5A29F7E51}.Ad-Hoc|Any CPU.Deploy.0 = Release|Any CPU
		{A12987FB-B625-4502-9D11-89F5A29F7E51}.Ad-Hoc|iPhone.ActiveCfg = Release|Any CPU
		{A12987FB-B625-4502-9D11-89F5A29F7E51}.Ad-Hoc|iPhone.Build.0 = Release|Any CPU
		{A12987FB-B625-4502-9D11-89F5A29F7E51}.Ad-Hoc|iPhone.Deploy.0 = Release|Any CPU
		{A12987FB-B625-4502-9D11-89F5A29F7E51}.Ad-Hoc|iPhoneSimulator.ActiveCfg = Release|Any CPU
		{A12987FB-B625-4502-9D11-89F5A29F7E51}.Ad-Hoc|iPhoneSimulator.Build.0 = Release|Any CPU
		{A12987FB-B625-4502-9D11-89F5A29F7E51}.Ad-Hoc|iPhoneSimulator.Deploy.0 = Release|Any CPU
		{A12987FB-B625-4502-9D11-89F5A29F7E51}.AppStore|Any CPU.ActiveCfg = Release|Any CPU
		{A12987FB-B625-4502-9D11-89F5A29F7E51}.AppStore|Any CPU.Build.0 = Release|Any CPU
		{A12987FB-B625-4502-9D11-89F5A29F7E51}.AppStore|Any CPU.Deploy.0 = Release|Any CPU
		{A12987FB-B625-4502-9D11-89F5A29F7E51}.AppStore|iPhone.ActiveCfg = Release|Any CPU
		{A12987FB-B625-4502-9D11-89F5A29F7E51}.AppStore|iPhone.Build.0 = Release|Any CPU
		{A12987FB-B625-4502-9D11-89F5A29F7E51}.AppStore|iPhone.Deploy.0 = Release|Any CPU
		{A12987FB-B625-4502-9D11-89F5A29F7E51}.AppStore|iPhoneSimulator.ActiveCfg = Release|Any CPU
		{A12987FB-B625-4502-9D11-89F5A29F7E51}.AppStore|iPhoneSimulator.Build.0 = Release|Any CPU
		{A12987FB-B625-4502-9D11-89F5A29F7E51}.AppStore|iPhoneSimulator.Deploy.0 = Release|Any CPU
		{A12987FB-B625-4502-9D11-89F5A29F7E51}.Debug|Any CPU.ActiveCfg = Debug|Any CPU
		{A12987FB-B625-4502-9D11-89F5A29F7E51}.Debug|Any CPU.Build.0 = Debug|Any CPU
		{A12987FB-B625-4502-9D11-89F5A29F7E51}.Debug|Any CPU.Deploy.0 = Debug|Any CPU
		{A12987FB-B625-4502-9D11-89F5A29F7E51}.Debug|iPhone.ActiveCfg = Debug|Any CPU
		{A12987FB-B625-4502-9D11-89F5A29F7E51}.Debug|iPhone.Build.0 = Debug|Any CPU
		{A12987FB-B625-4502-9D11-89F5A29F7E51}.Debug|iPhone.Deploy.0 = Debug|Any CPU
		{A12987FB-B625-4502-9D11-89F5A29F7E51}.Debug|iPhoneSimulator.ActiveCfg = Debug|Any CPU
		{A12987FB-B625-4502-9D11-89F5A29F7E51}.Debug|iPhoneSimulator.Build.0 = Debug|Any CPU
		{A12987FB-B625-4502-9D11-89F5A29F7E51}.Debug|iPhoneSimulator.Deploy.0 = Debug|Any CPU
		{A12987FB-B625-4502-9D11-89F5A29F7E51}.Release|Any CPU.ActiveCfg = Release|Any CPU
		{A12987FB-B625-4502-9D11-89F5A29F7E51}.Release|Any CPU.Build.0 = Release|Any CPU
		{A12987FB-B625-4502-9D11-89F5A29F7E51}.Release|Any CPU.Deploy.0 = Release|Any CPU
		{A12987FB-B625-4502-9D11-89F5A29F7E51}.Release|iPhone.ActiveCfg = Release|Any CPU
		{A12987FB-B625-4502-9D11-89F5A29F7E51}.Release|iPhone.Build.0 = Release|Any CPU
		{A12987FB-B625-4502-9D11-89F5A29F7E51}.Release|iPhone.Deploy.0 = Release|Any CPU
		{A12987FB-B625-4502-9D11-89F5A29F7E51}.Release|iPhoneSimulator.ActiveCfg = Release|Any CPU
		{A12987FB-B625-4502-9D11-89F5A29F7E51}.Release|iPhoneSimulator.Build.0 = Release|Any CPU
		{A12987FB-B625-4502-9D11-89F5A29F7E51}.Release|iPhoneSimulator.Deploy.0 = Release|Any CPU
		{044066A7-4F56-429A-8866-B14CF24E4D41}.Ad-Hoc|Any CPU.ActiveCfg = Ad-Hoc|iPhone
		{044066A7-4F56-429A-8866-B14CF24E4D41}.Ad-Hoc|iPhone.ActiveCfg = Ad-Hoc|iPhone
		{044066A7-4F56-429A-8866-B14CF24E4D41}.Ad-Hoc|iPhone.Build.0 = Ad-Hoc|iPhone
		{044066A7-4F56-429A-8866-B14CF24E4D41}.Ad-Hoc|iPhoneSimulator.ActiveCfg = Ad-Hoc|iPhoneSimulator
		{044066A7-4F56-429A-8866-B14CF24E4D41}.Ad-Hoc|iPhoneSimulator.Build.0 = Ad-Hoc|iPhoneSimulator
		{044066A7-4F56-429A-8866-B14CF24E4D41}.AppStore|Any CPU.ActiveCfg = AppStore|iPhone
		{044066A7-4F56-429A-8866-B14CF24E4D41}.AppStore|iPhone.ActiveCfg = AppStore|iPhone
		{044066A7-4F56-429A-8866-B14CF24E4D41}.AppStore|iPhone.Build.0 = AppStore|iPhone
		{044066A7-4F56-429A-8866-B14CF24E4D41}.AppStore|iPhoneSimulator.ActiveCfg = AppStore|iPhoneSimulator
		{044066A7-4F56-429A-8866-B14CF24E4D41}.AppStore|iPhoneSimulator.Build.0 = AppStore|iPhoneSimulator
		{044066A7-4F56-429A-8866-B14CF24E4D41}.Debug|Any CPU.ActiveCfg = Debug|iPhone
		{044066A7-4F56-429A-8866-B14CF24E4D41}.Debug|iPhone.ActiveCfg = Debug|iPhone
		{044066A7-4F56-429A-8866-B14CF24E4D41}.Debug|iPhone.Build.0 = Debug|iPhone
		{044066A7-4F56-429A-8866-B14CF24E4D41}.Debug|iPhoneSimulator.ActiveCfg = Debug|iPhoneSimulator
		{044066A7-4F56-429A-8866-B14CF24E4D41}.Debug|iPhoneSimulator.Build.0 = Debug|iPhoneSimulator
		{044066A7-4F56-429A-8866-B14CF24E4D41}.Release|Any CPU.ActiveCfg = Release|iPhone
		{044066A7-4F56-429A-8866-B14CF24E4D41}.Release|iPhone.ActiveCfg = Release|iPhone
		{044066A7-4F56-429A-8866-B14CF24E4D41}.Release|iPhone.Build.0 = Release|iPhone
		{044066A7-4F56-429A-8866-B14CF24E4D41}.Release|iPhoneSimulator.ActiveCfg = Release|iPhoneSimulator
		{044066A7-4F56-429A-8866-B14CF24E4D41}.Release|iPhoneSimulator.Build.0 = Release|iPhoneSimulator
	EndGlobalSection
	GlobalSection(SolutionProperties) = preSolution
		HideSolutionNode = FALSE
	EndGlobalSection
EndGlobal
